// !$*UTF8*$!
{
	archiveVersion = 1;
	classes = {
	};
	objectVersion = 56;
	objects = {

/* Begin PBXBuildFile section */
		224623122B15C85D007C1F9C /* OpenAI.swift in Sources */ = {isa = PBXBuildFile; fileRef = 224623112B15C85D007C1F9C /* OpenAI.swift */; };
		224623142B15C879007C1F9C /* OpenAI+StreamCompletion.swift in Sources */ = {isa = PBXBuildFile; fileRef = 224623132B15C879007C1F9C /* OpenAI+StreamCompletion.swift */; };
		224623172B15C89C007C1F9C /* Event.swift in Sources */ = {isa = PBXBuildFile; fileRef = 224623162B15C89C007C1F9C /* Event.swift */; };
		224623192B15C8AF007C1F9C /* EventSource.swift in Sources */ = {isa = PBXBuildFile; fileRef = 224623182B15C8AF007C1F9C /* EventSource.swift */; };
		2246231B2B15C8C8007C1F9C /* EventStreamParser.swift in Sources */ = {isa = PBXBuildFile; fileRef = 2246231A2B15C8C8007C1F9C /* EventStreamParser.swift */; };
		2251A1142B100AA100513552 /* LoadingView.swift in Sources */ = {isa = PBXBuildFile; fileRef = 2251A1132B100AA100513552 /* LoadingView.swift */; };
		2251A1162B10834600513552 /* AccessibilityRequestView.swift in Sources */ = {isa = PBXBuildFile; fileRef = 2251A1152B10834600513552 /* AccessibilityRequestView.swift */; };
		2251A1182B109F7000513552 /* PatchErrorView.swift in Sources */ = {isa = PBXBuildFile; fileRef = 2251A1172B109F7000513552 /* PatchErrorView.swift */; };
		2251A11A2B10AD3300513552 /* NotificationBanner.swift in Sources */ = {isa = PBXBuildFile; fileRef = 2251A1192B10AD3300513552 /* NotificationBanner.swift */; };
		2251A11E2B10B64700513552 /* Onboarding.swift in Sources */ = {isa = PBXBuildFile; fileRef = 2251A11D2B10B64700513552 /* Onboarding.swift */; };
		2251A1202B10B79600513552 /* SplashView.swift in Sources */ = {isa = PBXBuildFile; fileRef = 2251A11F2B10B79600513552 /* SplashView.swift */; };
		2251A1242B1107E200513552 /* Extensions+Modifier.swift in Sources */ = {isa = PBXBuildFile; fileRef = 2251A1232B1107E200513552 /* Extensions+Modifier.swift */; };
		2251A1262B1144CB00513552 /* AppStorage.swift in Sources */ = {isa = PBXBuildFile; fileRef = 2251A1252B1144CB00513552 /* AppStorage.swift */; };
		226A6AA62AE685C100110798 /* API.swift in Sources */ = {isa = PBXBuildFile; fileRef = 226A6AA52AE685C100110798 /* API.swift */; };
		226A6AA82AE8F22500110798 /* Utils.swift in Sources */ = {isa = PBXBuildFile; fileRef = 226A6AA72AE8F22500110798 /* Utils.swift */; };
		226A6AAC2AE927DB00110798 /* OpenWithMenu.swift in Sources */ = {isa = PBXBuildFile; fileRef = 226A6AAB2AE927DB00110798 /* OpenWithMenu.swift */; };
		226A6AB02AEBA65100110798 /* TextEditor.swift in Sources */ = {isa = PBXBuildFile; fileRef = 226A6AAF2AEBA65100110798 /* TextEditor.swift */; };
		226CBCC82AE2752100FEB3E5 /* SettingsView.swift in Sources */ = {isa = PBXBuildFile; fileRef = 226CBCC72AE2752100FEB3E5 /* SettingsView.swift */; };
		226E59E92AEBC40C005FCD6D /* ValidateKey.swift in Sources */ = {isa = PBXBuildFile; fileRef = 226E59E82AEBC40C005FCD6D /* ValidateKey.swift */; };
		226E59EE2AED0F82005FCD6D /* CodeEditor.swift in Sources */ = {isa = PBXBuildFile; fileRef = 226E59ED2AED0F82005FCD6D /* CodeEditor.swift */; };
		226E59F22AEE8700005FCD6D /* ButtonStyle.swift in Sources */ = {isa = PBXBuildFile; fileRef = 226E59F12AEE8700005FCD6D /* ButtonStyle.swift */; };
		227CB6D92AFE3B2800D2F594 /* AppState.swift in Sources */ = {isa = PBXBuildFile; fileRef = 227CB6D82AFE3B2800D2F594 /* AppState.swift */; };
		227CB6DD2B02169500D2F594 /* WindowController.swift in Sources */ = {isa = PBXBuildFile; fileRef = 227CB6DC2B02169500D2F594 /* WindowController.swift */; };
		227CB6E22B0226C400D2F594 /* KeyboardShortcuts in Frameworks */ = {isa = PBXBuildFile; productRef = 227CB6E12B0226C400D2F594 /* KeyboardShortcuts */; };
		227CB6E42B037ECD00D2F594 /* PasteboardHandler.swift in Sources */ = {isa = PBXBuildFile; fileRef = 227CB6E32B037ECD00D2F594 /* PasteboardHandler.swift */; };
		227CB6E82B0CAE6C00D2F594 /* LineNumber.swift in Sources */ = {isa = PBXBuildFile; fileRef = 227CB6E72B0CAE6C00D2F594 /* LineNumber.swift */; };
		227CB6EA2B0CCAD100D2F594 /* Constants.swift in Sources */ = {isa = PBXBuildFile; fileRef = 227CB6E92B0CCAD100D2F594 /* Constants.swift */; };
		227CB6EE2B0E1A4300D2F594 /* Metal.framework in Frameworks */ = {isa = PBXBuildFile; fileRef = 227CB6ED2B0E1A4300D2F594 /* Metal.framework */; };
		22A7D5F02ADFCA6500878F0B /* KamiApp.swift in Sources */ = {isa = PBXBuildFile; fileRef = 22A7D5EF2ADFCA6500878F0B /* KamiApp.swift */; };
		22A7D5F42ADFCA6500878F0B /* ContentView.swift in Sources */ = {isa = PBXBuildFile; fileRef = 22A7D5F32ADFCA6500878F0B /* ContentView.swift */; };
		22A7D5F62ADFCA6600878F0B /* Assets.xcassets in Resources */ = {isa = PBXBuildFile; fileRef = 22A7D5F52ADFCA6600878F0B /* Assets.xcassets */; };
		22A7D5F92ADFCA6600878F0B /* Preview Assets.xcassets in Resources */ = {isa = PBXBuildFile; fileRef = 22A7D5F82ADFCA6600878F0B /* Preview Assets.xcassets */; };
		22ADB3CC2B4FE6660097C55C /* Sparkle in Frameworks */ = {isa = PBXBuildFile; productRef = 22ADB3CB2B4FE6660097C55C /* Sparkle */; };
		22ADB3D02B4FF1C00097C55C /* Updater.swift in Sources */ = {isa = PBXBuildFile; fileRef = 22ADB3CF2B4FF1C00097C55C /* Updater.swift */; };
		22F573C12B177C3800EF8305 /* KeyboardShortcuts in Frameworks */ = {isa = PBXBuildFile; productRef = 22F573C02B177C3800EF8305 /* KeyboardShortcuts */; };
/* End PBXBuildFile section */

/* Begin PBXFileReference section */
		224623112B15C85D007C1F9C /* OpenAI.swift */ = {isa = PBXFileReference; lastKnownFileType = sourcecode.swift; path = OpenAI.swift; sourceTree = "<group>"; };
		224623132B15C879007C1F9C /* OpenAI+StreamCompletion.swift */ = {isa = PBXFileReference; lastKnownFileType = sourcecode.swift; path = "OpenAI+StreamCompletion.swift"; sourceTree = "<group>"; };
		224623162B15C89C007C1F9C /* Event.swift */ = {isa = PBXFileReference; lastKnownFileType = sourcecode.swift; path = Event.swift; sourceTree = "<group>"; };
		224623182B15C8AF007C1F9C /* EventSource.swift */ = {isa = PBXFileReference; lastKnownFileType = sourcecode.swift; path = EventSource.swift; sourceTree = "<group>"; };
		2246231A2B15C8C8007C1F9C /* EventStreamParser.swift */ = {isa = PBXFileReference; lastKnownFileType = sourcecode.swift; path = EventStreamParser.swift; sourceTree = "<group>"; };
		2251A1132B100AA100513552 /* LoadingView.swift */ = {isa = PBXFileReference; lastKnownFileType = sourcecode.swift; path = LoadingView.swift; sourceTree = "<group>"; };
		2251A1152B10834600513552 /* AccessibilityRequestView.swift */ = {isa = PBXFileReference; lastKnownFileType = sourcecode.swift; path = AccessibilityRequestView.swift; sourceTree = "<group>"; };
		2251A1172B109F7000513552 /* PatchErrorView.swift */ = {isa = PBXFileReference; lastKnownFileType = sourcecode.swift; path = PatchErrorView.swift; sourceTree = "<group>"; };
		2251A1192B10AD3300513552 /* NotificationBanner.swift */ = {isa = PBXFileReference; fileEncoding = 4; lastKnownFileType = sourcecode.swift; name = NotificationBanner.swift; path = ../../../../../.Trash/NotificationBanner.swift; sourceTree = "<group>"; };
		2251A11D2B10B64700513552 /* Onboarding.swift */ = {isa = PBXFileReference; lastKnownFileType = sourcecode.swift; path = Onboarding.swift; sourceTree = "<group>"; };
		2251A11F2B10B79600513552 /* SplashView.swift */ = {isa = PBXFileReference; lastKnownFileType = sourcecode.swift; path = SplashView.swift; sourceTree = "<group>"; };
		2251A1232B1107E200513552 /* Extensions+Modifier.swift */ = {isa = PBXFileReference; lastKnownFileType = sourcecode.swift; path = "Extensions+Modifier.swift"; sourceTree = "<group>"; };
		2251A1252B1144CB00513552 /* AppStorage.swift */ = {isa = PBXFileReference; lastKnownFileType = sourcecode.swift; path = AppStorage.swift; sourceTree = "<group>"; };
		226A6AA52AE685C100110798 /* API.swift */ = {isa = PBXFileReference; fileEncoding = 4; lastKnownFileType = sourcecode.swift; path = API.swift; sourceTree = "<group>"; };
		226A6AA72AE8F22500110798 /* Utils.swift */ = {isa = PBXFileReference; lastKnownFileType = sourcecode.swift; path = Utils.swift; sourceTree = "<group>"; };
		226A6AAB2AE927DB00110798 /* OpenWithMenu.swift */ = {isa = PBXFileReference; lastKnownFileType = sourcecode.swift; path = OpenWithMenu.swift; sourceTree = "<group>"; };
		226A6AAF2AEBA65100110798 /* TextEditor.swift */ = {isa = PBXFileReference; lastKnownFileType = sourcecode.swift; path = TextEditor.swift; sourceTree = "<group>"; };
		226CBCC72AE2752100FEB3E5 /* SettingsView.swift */ = {isa = PBXFileReference; lastKnownFileType = sourcecode.swift; path = SettingsView.swift; sourceTree = "<group>"; };
		226E59E82AEBC40C005FCD6D /* ValidateKey.swift */ = {isa = PBXFileReference; lastKnownFileType = sourcecode.swift; path = ValidateKey.swift; sourceTree = "<group>"; };
		226E59ED2AED0F82005FCD6D /* CodeEditor.swift */ = {isa = PBXFileReference; lastKnownFileType = sourcecode.swift; path = CodeEditor.swift; sourceTree = "<group>"; };
		226E59F12AEE8700005FCD6D /* ButtonStyle.swift */ = {isa = PBXFileReference; lastKnownFileType = sourcecode.swift; path = ButtonStyle.swift; sourceTree = "<group>"; };
		227CB6D82AFE3B2800D2F594 /* AppState.swift */ = {isa = PBXFileReference; lastKnownFileType = sourcecode.swift; path = AppState.swift; sourceTree = "<group>"; };
		227CB6DC2B02169500D2F594 /* WindowController.swift */ = {isa = PBXFileReference; lastKnownFileType = sourcecode.swift; path = WindowController.swift; sourceTree = "<group>"; };
		227CB6E32B037ECD00D2F594 /* PasteboardHandler.swift */ = {isa = PBXFileReference; lastKnownFileType = sourcecode.swift; path = PasteboardHandler.swift; sourceTree = "<group>"; };
		227CB6E72B0CAE6C00D2F594 /* LineNumber.swift */ = {isa = PBXFileReference; lastKnownFileType = sourcecode.swift; path = LineNumber.swift; sourceTree = "<group>"; };
		227CB6E92B0CCAD100D2F594 /* Constants.swift */ = {isa = PBXFileReference; lastKnownFileType = sourcecode.swift; path = Constants.swift; sourceTree = "<group>"; };
		227CB6ED2B0E1A4300D2F594 /* Metal.framework */ = {isa = PBXFileReference; lastKnownFileType = wrapper.framework; name = Metal.framework; path = System/Library/Frameworks/Metal.framework; sourceTree = SDKROOT; };
		22A7D5EC2ADFCA6500878F0B /* Kami.app */ = {isa = PBXFileReference; explicitFileType = wrapper.application; includeInIndex = 0; path = Kami.app; sourceTree = BUILT_PRODUCTS_DIR; };
		22A7D5EF2ADFCA6500878F0B /* KamiApp.swift */ = {isa = PBXFileReference; lastKnownFileType = sourcecode.swift; path = KamiApp.swift; sourceTree = "<group>"; };
		22A7D5F32ADFCA6500878F0B /* ContentView.swift */ = {isa = PBXFileReference; lastKnownFileType = sourcecode.swift; path = ContentView.swift; sourceTree = "<group>"; };
		22A7D5F52ADFCA6600878F0B /* Assets.xcassets */ = {isa = PBXFileReference; lastKnownFileType = folder.assetcatalog; path = Assets.xcassets; sourceTree = "<group>"; };
		22A7D5F82ADFCA6600878F0B /* Preview Assets.xcassets */ = {isa = PBXFileReference; lastKnownFileType = folder.assetcatalog; path = "Preview Assets.xcassets"; sourceTree = "<group>"; };
		22A7D5FA2ADFCA6600878F0B /* Info.plist */ = {isa = PBXFileReference; lastKnownFileType = text.plist.xml; path = Info.plist; sourceTree = "<group>"; };
		22A7D5FB2ADFCA6600878F0B /* Kami.entitlements */ = {isa = PBXFileReference; lastKnownFileType = text.plist.entitlements; path = Kami.entitlements; sourceTree = "<group>"; };
		22ADB3CF2B4FF1C00097C55C /* Updater.swift */ = {isa = PBXFileReference; lastKnownFileType = sourcecode.swift; path = Updater.swift; sourceTree = "<group>"; };
/* End PBXFileReference section */

/* Begin PBXFrameworksBuildPhase section */
		22A7D5E92ADFCA6500878F0B /* Frameworks */ = {
			isa = PBXFrameworksBuildPhase;
			buildActionMask = 2147483647;
			files = (
				227CB6EE2B0E1A4300D2F594 /* Metal.framework in Frameworks */,
				22ADB3CC2B4FE6660097C55C /* Sparkle in Frameworks */,
				227CB6E22B0226C400D2F594 /* KeyboardShortcuts in Frameworks */,
				22F573C12B177C3800EF8305 /* KeyboardShortcuts in Frameworks */,
			);
			runOnlyForDeploymentPostprocessing = 0;
		};
/* End PBXFrameworksBuildPhase section */

/* Begin PBXGroup section */
		224623102B15C7FC007C1F9C /* OpenAI */ = {
			isa = PBXGroup;
			children = (
				224623152B15C887007C1F9C /* EventSource */,
				224623112B15C85D007C1F9C /* OpenAI.swift */,
				224623132B15C879007C1F9C /* OpenAI+StreamCompletion.swift */,
			);
			path = OpenAI;
			sourceTree = "<group>";
		};
		224623152B15C887007C1F9C /* EventSource */ = {
			isa = PBXGroup;
			children = (
				224623162B15C89C007C1F9C /* Event.swift */,
				224623182B15C8AF007C1F9C /* EventSource.swift */,
				2246231A2B15C8C8007C1F9C /* EventStreamParser.swift */,
			);
			path = EventSource;
			sourceTree = "<group>";
		};
		226CBCBE2AE12F8700FEB3E5 /* Frameworks */ = {
			isa = PBXGroup;
			children = (
				227CB6ED2B0E1A4300D2F594 /* Metal.framework */,
			);
			name = Frameworks;
			sourceTree = "<group>";
		};
		227CB6EB2B0D19F600D2F594 /* Views */ = {
			isa = PBXGroup;
			children = (
				2251A11F2B10B79600513552 /* SplashView.swift */,
				22A7D5F32ADFCA6500878F0B /* ContentView.swift */,
				226CBCC72AE2752100FEB3E5 /* SettingsView.swift */,
				2251A1132B100AA100513552 /* LoadingView.swift */,
				2251A1152B10834600513552 /* AccessibilityRequestView.swift */,
				2251A1172B109F7000513552 /* PatchErrorView.swift */,
			);
			path = Views;
			sourceTree = "<group>";
		};
		227CB6EC2B0D1A1500D2F594 /* Components */ = {
			isa = PBXGroup;
			children = (
				2251A11D2B10B64700513552 /* Onboarding.swift */,
				2251A1192B10AD3300513552 /* NotificationBanner.swift */,
				226E59E82AEBC40C005FCD6D /* ValidateKey.swift */,
				226A6AAB2AE927DB00110798 /* OpenWithMenu.swift */,
				226A6AAF2AEBA65100110798 /* TextEditor.swift */,
				226E59ED2AED0F82005FCD6D /* CodeEditor.swift */,
				227CB6E72B0CAE6C00D2F594 /* LineNumber.swift */,
			);
			path = Components;
			sourceTree = "<group>";
		};
		22A7D5E32ADFCA6500878F0B = {
			isa = PBXGroup;
			children = (
				22A7D5EE2ADFCA6500878F0B /* Kami */,
				22A7D5ED2ADFCA6500878F0B /* Products */,
				226CBCBE2AE12F8700FEB3E5 /* Frameworks */,
			);
			sourceTree = "<group>";
		};
		22A7D5ED2ADFCA6500878F0B /* Products */ = {
			isa = PBXGroup;
			children = (
				22A7D5EC2ADFCA6500878F0B /* Kami.app */,
			);
			name = Products;
			sourceTree = "<group>";
		};
		22A7D5EE2ADFCA6500878F0B /* Kami */ = {
			isa = PBXGroup;
			children = (
				22A7D5EF2ADFCA6500878F0B /* KamiApp.swift */,
				227CB6DC2B02169500D2F594 /* WindowController.swift */,
				224623102B15C7FC007C1F9C /* OpenAI */,
				227CB6EB2B0D19F600D2F594 /* Views */,
				227CB6EC2B0D1A1500D2F594 /* Components */,
				227CB6E92B0CCAD100D2F594 /* Constants.swift */,
				22ADB3CF2B4FF1C00097C55C /* Updater.swift */,
				2251A1252B1144CB00513552 /* AppStorage.swift */,
				227CB6D82AFE3B2800D2F594 /* AppState.swift */,
				227CB6E32B037ECD00D2F594 /* PasteboardHandler.swift */,
				226A6AA52AE685C100110798 /* API.swift */,
				226E59F12AEE8700005FCD6D /* ButtonStyle.swift */,
				226A6AA72AE8F22500110798 /* Utils.swift */,
				2251A1232B1107E200513552 /* Extensions+Modifier.swift */,
				22A7D5F52ADFCA6600878F0B /* Assets.xcassets */,
				22A7D5FA2ADFCA6600878F0B /* Info.plist */,
				22A7D5FB2ADFCA6600878F0B /* Kami.entitlements */,
				22A7D5F72ADFCA6600878F0B /* Preview Content */,
			);
			path = Kami;
			sourceTree = "<group>";
		};
		22A7D5F72ADFCA6600878F0B /* Preview Content */ = {
			isa = PBXGroup;
			children = (
				22A7D5F82ADFCA6600878F0B /* Preview Assets.xcassets */,
			);
			path = "Preview Content";
			sourceTree = "<group>";
		};
/* End PBXGroup section */

/* Begin PBXNativeTarget section */
		22A7D5EB2ADFCA6500878F0B /* Kami */ = {
			isa = PBXNativeTarget;
			buildConfigurationList = 22A7D5FE2ADFCA6600878F0B /* Build configuration list for PBXNativeTarget "Kami" */;
			buildPhases = (
				22A7D5E82ADFCA6500878F0B /* Sources */,
				22A7D5E92ADFCA6500878F0B /* Frameworks */,
				22A7D5EA2ADFCA6500878F0B /* Resources */,
			);
			buildRules = (
			);
			dependencies = (
			);
			name = Kami;
			packageProductDependencies = (
				227CB6E12B0226C400D2F594 /* KeyboardShortcuts */,
				22F573C02B177C3800EF8305 /* KeyboardShortcuts */,
				22ADB3CB2B4FE6660097C55C /* Sparkle */,
			);
			productName = JavascriptEditor;
			productReference = 22A7D5EC2ADFCA6500878F0B /* Kami.app */;
			productType = "com.apple.product-type.application";
		};
/* End PBXNativeTarget section */

/* Begin PBXProject section */
		22A7D5E42ADFCA6500878F0B /* Project object */ = {
			isa = PBXProject;
			attributes = {
				BuildIndependentTargetsInParallel = 1;
				LastSwiftUpdateCheck = 1500;
				LastUpgradeCheck = 1500;
				TargetAttributes = {
					22A7D5EB2ADFCA6500878F0B = {
						CreatedOnToolsVersion = 15.0;
					};
				};
			};
			buildConfigurationList = 22A7D5E72ADFCA6500878F0B /* Build configuration list for PBXProject "Kami" */;
			compatibilityVersion = "Xcode 14.0";
			developmentRegion = en;
			hasScannedForEncodings = 0;
			knownRegions = (
				en,
				Base,
			);
			mainGroup = 22A7D5E32ADFCA6500878F0B;
			packageReferences = (
				227CB6E02B0226C400D2F594 /* XCRemoteSwiftPackageReference "KeyboardShortcuts" */,
				22ADB3CA2B4FE6660097C55C /* XCRemoteSwiftPackageReference "Sparkle" */,
			);
			productRefGroup = 22A7D5ED2ADFCA6500878F0B /* Products */;
			projectDirPath = "";
			projectRoot = "";
			targets = (
				22A7D5EB2ADFCA6500878F0B /* Kami */,
			);
		};
/* End PBXProject section */

/* Begin PBXResourcesBuildPhase section */
		22A7D5EA2ADFCA6500878F0B /* Resources */ = {
			isa = PBXResourcesBuildPhase;
			buildActionMask = 2147483647;
			files = (
				22A7D5F92ADFCA6600878F0B /* Preview Assets.xcassets in Resources */,
				22A7D5F62ADFCA6600878F0B /* Assets.xcassets in Resources */,
			);
			runOnlyForDeploymentPostprocessing = 0;
		};
/* End PBXResourcesBuildPhase section */

/* Begin PBXSourcesBuildPhase section */
		22A7D5E82ADFCA6500878F0B /* Sources */ = {
			isa = PBXSourcesBuildPhase;
			buildActionMask = 2147483647;
			files = (
				227CB6DD2B02169500D2F594 /* WindowController.swift in Sources */,
				227CB6E82B0CAE6C00D2F594 /* LineNumber.swift in Sources */,
				2246231B2B15C8C8007C1F9C /* EventStreamParser.swift in Sources */,
				226A6AAC2AE927DB00110798 /* OpenWithMenu.swift in Sources */,
				226E59F22AEE8700005FCD6D /* ButtonStyle.swift in Sources */,
				22ADB3D02B4FF1C00097C55C /* Updater.swift in Sources */,
				2251A1142B100AA100513552 /* LoadingView.swift in Sources */,
				2251A11A2B10AD3300513552 /* NotificationBanner.swift in Sources */,
				224623192B15C8AF007C1F9C /* EventSource.swift in Sources */,
				2251A1262B1144CB00513552 /* AppStorage.swift in Sources */,
				2251A11E2B10B64700513552 /* Onboarding.swift in Sources */,
				227CB6E42B037ECD00D2F594 /* PasteboardHandler.swift in Sources */,
				224623172B15C89C007C1F9C /* Event.swift in Sources */,
				22A7D5F02ADFCA6500878F0B /* KamiApp.swift in Sources */,
				227CB6EA2B0CCAD100D2F594 /* Constants.swift in Sources */,
				226A6AB02AEBA65100110798 /* TextEditor.swift in Sources */,
				226E59EE2AED0F82005FCD6D /* CodeEditor.swift in Sources */,
				226CBCC82AE2752100FEB3E5 /* SettingsView.swift in Sources */,
				227CB6D92AFE3B2800D2F594 /* AppState.swift in Sources */,
				226A6AA82AE8F22500110798 /* Utils.swift in Sources */,
				22A7D5F42ADFCA6500878F0B /* ContentView.swift in Sources */,
				226E59E92AEBC40C005FCD6D /* ValidateKey.swift in Sources */,
				2251A1182B109F7000513552 /* PatchErrorView.swift in Sources */,
				224623122B15C85D007C1F9C /* OpenAI.swift in Sources */,
				226A6AA62AE685C100110798 /* API.swift in Sources */,
				2251A1162B10834600513552 /* AccessibilityRequestView.swift in Sources */,
				224623142B15C879007C1F9C /* OpenAI+StreamCompletion.swift in Sources */,
				2251A1242B1107E200513552 /* Extensions+Modifier.swift in Sources */,
				2251A1202B10B79600513552 /* SplashView.swift in Sources */,
			);
			runOnlyForDeploymentPostprocessing = 0;
		};
/* End PBXSourcesBuildPhase section */

/* Begin XCBuildConfiguration section */
		22A7D5FC2ADFCA6600878F0B /* Debug */ = {
			isa = XCBuildConfiguration;
			buildSettings = {
				ALWAYS_SEARCH_USER_PATHS = NO;
				ASSETCATALOG_COMPILER_GENERATE_SWIFT_ASSET_SYMBOL_EXTENSIONS = YES;
				CLANG_ANALYZER_NONNULL = YES;
				CLANG_ANALYZER_NUMBER_OBJECT_CONVERSION = YES_AGGRESSIVE;
				CLANG_CXX_LANGUAGE_STANDARD = "gnu++20";
				CLANG_ENABLE_MODULES = YES;
				CLANG_ENABLE_OBJC_ARC = YES;
				CLANG_ENABLE_OBJC_WEAK = YES;
				CLANG_WARN_BLOCK_CAPTURE_AUTORELEASING = YES;
				CLANG_WARN_BOOL_CONVERSION = YES;
				CLANG_WARN_COMMA = YES;
				CLANG_WARN_CONSTANT_CONVERSION = YES;
				CLANG_WARN_DEPRECATED_OBJC_IMPLEMENTATIONS = YES;
				CLANG_WARN_DIRECT_OBJC_ISA_USAGE = YES_ERROR;
				CLANG_WARN_DOCUMENTATION_COMMENTS = YES;
				CLANG_WARN_EMPTY_BODY = YES;
				CLANG_WARN_ENUM_CONVERSION = YES;
				CLANG_WARN_INFINITE_RECURSION = YES;
				CLANG_WARN_INT_CONVERSION = YES;
				CLANG_WARN_NON_LITERAL_NULL_CONVERSION = YES;
				CLANG_WARN_OBJC_IMPLICIT_RETAIN_SELF = YES;
				CLANG_WARN_OBJC_LITERAL_CONVERSION = YES;
				CLANG_WARN_OBJC_ROOT_CLASS = YES_ERROR;
				CLANG_WARN_QUOTED_INCLUDE_IN_FRAMEWORK_HEADER = YES;
				CLANG_WARN_RANGE_LOOP_ANALYSIS = YES;
				CLANG_WARN_STRICT_PROTOTYPES = YES;
				CLANG_WARN_SUSPICIOUS_MOVE = YES;
				CLANG_WARN_UNGUARDED_AVAILABILITY = YES_AGGRESSIVE;
				CLANG_WARN_UNREACHABLE_CODE = YES;
				CLANG_WARN__DUPLICATE_METHOD_MATCH = YES;
				COPY_PHASE_STRIP = NO;
				DEBUG_INFORMATION_FORMAT = dwarf;
				ENABLE_STRICT_OBJC_MSGSEND = YES;
				ENABLE_TESTABILITY = YES;
				ENABLE_USER_SCRIPT_SANDBOXING = YES;
				GCC_C_LANGUAGE_STANDARD = gnu17;
				GCC_DYNAMIC_NO_PIC = NO;
				GCC_NO_COMMON_BLOCKS = YES;
				GCC_OPTIMIZATION_LEVEL = 0;
				GCC_PREPROCESSOR_DEFINITIONS = (
					"DEBUG=1",
					"$(inherited)",
				);
				GCC_WARN_64_TO_32_BIT_CONVERSION = YES;
				GCC_WARN_ABOUT_RETURN_TYPE = YES_ERROR;
				GCC_WARN_UNDECLARED_SELECTOR = YES;
				GCC_WARN_UNINITIALIZED_AUTOS = YES_AGGRESSIVE;
				GCC_WARN_UNUSED_FUNCTION = YES;
				GCC_WARN_UNUSED_VARIABLE = YES;
				LOCALIZATION_PREFERS_STRING_CATALOGS = YES;
				MACOSX_DEPLOYMENT_TARGET = 14.0;
				MTL_ENABLE_DEBUG_INFO = INCLUDE_SOURCE;
				MTL_FAST_MATH = YES;
				ONLY_ACTIVE_ARCH = YES;
				SDKROOT = macosx;
				SWIFT_ACTIVE_COMPILATION_CONDITIONS = "DEBUG $(inherited)";
				SWIFT_OPTIMIZATION_LEVEL = "-Onone";
			};
			name = Debug;
		};
		22A7D5FD2ADFCA6600878F0B /* Release */ = {
			isa = XCBuildConfiguration;
			buildSettings = {
				ALWAYS_SEARCH_USER_PATHS = NO;
				ASSETCATALOG_COMPILER_GENERATE_SWIFT_ASSET_SYMBOL_EXTENSIONS = YES;
				CLANG_ANALYZER_NONNULL = YES;
				CLANG_ANALYZER_NUMBER_OBJECT_CONVERSION = YES_AGGRESSIVE;
				CLANG_CXX_LANGUAGE_STANDARD = "gnu++20";
				CLANG_ENABLE_MODULES = YES;
				CLANG_ENABLE_OBJC_ARC = YES;
				CLANG_ENABLE_OBJC_WEAK = YES;
				CLANG_WARN_BLOCK_CAPTURE_AUTORELEASING = YES;
				CLANG_WARN_BOOL_CONVERSION = YES;
				CLANG_WARN_COMMA = YES;
				CLANG_WARN_CONSTANT_CONVERSION = YES;
				CLANG_WARN_DEPRECATED_OBJC_IMPLEMENTATIONS = YES;
				CLANG_WARN_DIRECT_OBJC_ISA_USAGE = YES_ERROR;
				CLANG_WARN_DOCUMENTATION_COMMENTS = YES;
				CLANG_WARN_EMPTY_BODY = YES;
				CLANG_WARN_ENUM_CONVERSION = YES;
				CLANG_WARN_INFINITE_RECURSION = YES;
				CLANG_WARN_INT_CONVERSION = YES;
				CLANG_WARN_NON_LITERAL_NULL_CONVERSION = YES;
				CLANG_WARN_OBJC_IMPLICIT_RETAIN_SELF = YES;
				CLANG_WARN_OBJC_LITERAL_CONVERSION = YES;
				CLANG_WARN_OBJC_ROOT_CLASS = YES_ERROR;
				CLANG_WARN_QUOTED_INCLUDE_IN_FRAMEWORK_HEADER = YES;
				CLANG_WARN_RANGE_LOOP_ANALYSIS = YES;
				CLANG_WARN_STRICT_PROTOTYPES = YES;
				CLANG_WARN_SUSPICIOUS_MOVE = YES;
				CLANG_WARN_UNGUARDED_AVAILABILITY = YES_AGGRESSIVE;
				CLANG_WARN_UNREACHABLE_CODE = YES;
				CLANG_WARN__DUPLICATE_METHOD_MATCH = YES;
				COPY_PHASE_STRIP = NO;
				DEBUG_INFORMATION_FORMAT = "dwarf-with-dsym";
				ENABLE_NS_ASSERTIONS = NO;
				ENABLE_STRICT_OBJC_MSGSEND = YES;
				ENABLE_USER_SCRIPT_SANDBOXING = YES;
				GCC_C_LANGUAGE_STANDARD = gnu17;
				GCC_NO_COMMON_BLOCKS = YES;
				GCC_WARN_64_TO_32_BIT_CONVERSION = YES;
				GCC_WARN_ABOUT_RETURN_TYPE = YES_ERROR;
				GCC_WARN_UNDECLARED_SELECTOR = YES;
				GCC_WARN_UNINITIALIZED_AUTOS = YES_AGGRESSIVE;
				GCC_WARN_UNUSED_FUNCTION = YES;
				GCC_WARN_UNUSED_VARIABLE = YES;
				LOCALIZATION_PREFERS_STRING_CATALOGS = YES;
				MACOSX_DEPLOYMENT_TARGET = 14.0;
				MTL_ENABLE_DEBUG_INFO = NO;
				MTL_FAST_MATH = YES;
				SDKROOT = macosx;
				SWIFT_COMPILATION_MODE = wholemodule;
			};
			name = Release;
		};
		22A7D5FF2ADFCA6600878F0B /* Debug */ = {
			isa = XCBuildConfiguration;
			buildSettings = {
				ASSETCATALOG_COMPILER_APPICON_NAME = AppIcon;
				ASSETCATALOG_COMPILER_GLOBAL_ACCENT_COLOR_NAME = AccentColor;
				CODE_SIGN_ENTITLEMENTS = Kami/Kami.entitlements;
				"CODE_SIGN_IDENTITY[sdk=macosx*]" = "Apple Development";
				CODE_SIGN_STYLE = Automatic;
				COMBINE_HIDPI_IMAGES = YES;
				CURRENT_PROJECT_VERSION = 3;
				DEVELOPMENT_ASSET_PATHS = "\"Kami/Preview Content\"";
				DEVELOPMENT_TEAM = 34UPX6P7YC;
				ENABLE_HARDENED_RUNTIME = YES;
				ENABLE_PREVIEWS = YES;
				GENERATE_INFOPLIST_FILE = YES;
				INFOPLIST_FILE = Kami/Info.plist;
				INFOPLIST_KEY_CFBundleDisplayName = Kami;
				INFOPLIST_KEY_LSApplicationCategoryType = "public.app-category.developer-tools";
				INFOPLIST_KEY_LSUIElement = YES;
				INFOPLIST_KEY_NSHumanReadableCopyright = "Alex Widua (2023)";
				LD_RUNPATH_SEARCH_PATHS = (
					"$(inherited)",
					"@executable_path/../Frameworks",
				);
				MACOSX_DEPLOYMENT_TARGET = 14.0;
				MARKETING_VERSION = 1.1.0;
				PRODUCT_BUNDLE_IDENTIFIER = com.alexwidua.Kami;
				PRODUCT_NAME = "$(TARGET_NAME)";
				SWIFT_EMIT_LOC_STRINGS = YES;
				SWIFT_VERSION = 5.0;
			};
			name = Debug;
		};
		22A7D6002ADFCA6600878F0B /* Release */ = {
			isa = XCBuildConfiguration;
			buildSettings = {
				ASSETCATALOG_COMPILER_APPICON_NAME = AppIcon;
				ASSETCATALOG_COMPILER_GLOBAL_ACCENT_COLOR_NAME = AccentColor;
				CODE_SIGN_ENTITLEMENTS = Kami/Kami.entitlements;
				"CODE_SIGN_IDENTITY[sdk=macosx*]" = "Apple Development";
				CODE_SIGN_STYLE = Automatic;
				COMBINE_HIDPI_IMAGES = YES;
				CURRENT_PROJECT_VERSION = 3;
				DEVELOPMENT_ASSET_PATHS = "\"Kami/Preview Content\"";
				DEVELOPMENT_TEAM = 34UPX6P7YC;
				ENABLE_HARDENED_RUNTIME = YES;
				ENABLE_PREVIEWS = YES;
				GENERATE_INFOPLIST_FILE = YES;
				INFOPLIST_FILE = Kami/Info.plist;
				INFOPLIST_KEY_CFBundleDisplayName = Kami;
				INFOPLIST_KEY_LSApplicationCategoryType = "public.app-category.developer-tools";
				INFOPLIST_KEY_LSUIElement = YES;
				INFOPLIST_KEY_NSHumanReadableCopyright = "Alex Widua (2023)";
				LD_RUNPATH_SEARCH_PATHS = (
					"$(inherited)",
					"@executable_path/../Frameworks",
				);
				MACOSX_DEPLOYMENT_TARGET = 14.0;
				MARKETING_VERSION = 1.1.0;
				PRODUCT_BUNDLE_IDENTIFIER = com.alexwidua.Kami;
				PRODUCT_NAME = "$(TARGET_NAME)";
				SWIFT_EMIT_LOC_STRINGS = YES;
				SWIFT_VERSION = 5.0;
			};
			name = Release;
		};
/* End XCBuildConfiguration section */

/* Begin XCConfigurationList section */
		22A7D5E72ADFCA6500878F0B /* Build configuration list for PBXProject "Kami" */ = {
			isa = XCConfigurationList;
			buildConfigurations = (
				22A7D5FC2ADFCA6600878F0B /* Debug */,
				22A7D5FD2ADFCA6600878F0B /* Release */,
			);
			defaultConfigurationIsVisible = 0;
			defaultConfigurationName = Release;
		};
		22A7D5FE2ADFCA6600878F0B /* Build configuration list for PBXNativeTarget "Kami" */ = {
			isa = XCConfigurationList;
			buildConfigurations = (
				22A7D5FF2ADFCA6600878F0B /* Debug */,
				22A7D6002ADFCA6600878F0B /* Release */,
			);
			defaultConfigurationIsVisible = 0;
			defaultConfigurationName = Release;
		};
/* End XCConfigurationList section */

/* Begin XCRemoteSwiftPackageReference section */
		227CB6E02B0226C400D2F594 /* XCRemoteSwiftPackageReference "KeyboardShortcuts" */ = {
			isa = XCRemoteSwiftPackageReference;
			repositoryURL = "https://github.com/sindresorhus/KeyboardShortcuts";
			requirement = {
				kind = upToNextMajorVersion;
				minimumVersion = 1.15.0;
			};
		};
		22ADB3CA2B4FE6660097C55C /* XCRemoteSwiftPackageReference "Sparkle" */ = {
			isa = XCRemoteSwiftPackageReference;
			repositoryURL = "https://github.com/sparkle-project/Sparkle";
			requirement = {
				kind = upToNextMajorVersion;
				minimumVersion = 2.5.2;
			};
		};
/* End XCRemoteSwiftPackageReference section */

/* Begin XCSwiftPackageProductDependency section */
		227CB6E12B0226C400D2F594 /* KeyboardShortcuts */ = {
			isa = XCSwiftPackageProductDependency;
			package = 227CB6E02B0226C400D2F594 /* XCRemoteSwiftPackageReference "KeyboardShortcuts" */;
			productName = KeyboardShortcuts;
		};
		22ADB3CB2B4FE6660097C55C /* Sparkle */ = {
			isa = XCSwiftPackageProductDependency;
			package = 22ADB3CA2B4FE6660097C55C /* XCRemoteSwiftPackageReference "Sparkle" */;
			productName = Sparkle;
		};
		22F573C02B177C3800EF8305 /* KeyboardShortcuts */ = {
			isa = XCSwiftPackageProductDependency;
			productName = KeyboardShortcuts;
		};
/* End XCSwiftPackageProductDependency section */
	};
	rootObject = 22A7D5E42ADFCA6500878F0B /* Project object */;
}
