// !$*UTF8*$!
{
	archiveVersion = 1;
	classes = {
	};
	objectVersion = 56;
	objects = {

/* Begin PBXBuildFile section */
		2251A1142B100AA100513552 /* LoadingView.swift in Sources */ = {isa = PBXBuildFile; fileRef = 2251A1132B100AA100513552 /* LoadingView.swift */; };
		2251A1162B10834600513552 /* AccessibilityRequestView.swift in Sources */ = {isa = PBXBuildFile; fileRef = 2251A1152B10834600513552 /* AccessibilityRequestView.swift */; };
		2251A1182B109F7000513552 /* PatchErrorView.swift in Sources */ = {isa = PBXBuildFile; fileRef = 2251A1172B109F7000513552 /* PatchErrorView.swift */; };
		2251A11A2B10AD3300513552 /* NotificationBannerView.swift in Sources */ = {isa = PBXBuildFile; fileRef = 2251A1192B10AD3300513552 /* NotificationBannerView.swift */; };
		226A6AA62AE685C100110798 /* API.swift in Sources */ = {isa = PBXBuildFile; fileRef = 226A6AA52AE685C100110798 /* API.swift */; };
		226A6AA82AE8F22500110798 /* Misc.swift in Sources */ = {isa = PBXBuildFile; fileRef = 226A6AA72AE8F22500110798 /* Misc.swift */; };
		226A6AAC2AE927DB00110798 /* OpenWithMenuView.swift in Sources */ = {isa = PBXBuildFile; fileRef = 226A6AAB2AE927DB00110798 /* OpenWithMenuView.swift */; };
		226A6AB02AEBA65100110798 /* TextEditor.swift in Sources */ = {isa = PBXBuildFile; fileRef = 226A6AAF2AEBA65100110798 /* TextEditor.swift */; };
		226CBCC62AE2684400FEB3E5 /* OpenAI in Frameworks */ = {isa = PBXBuildFile; productRef = 226CBCC52AE2684400FEB3E5 /* OpenAI */; };
		226CBCC82AE2752100FEB3E5 /* SettingsView.swift in Sources */ = {isa = PBXBuildFile; fileRef = 226CBCC72AE2752100FEB3E5 /* SettingsView.swift */; };
		226E59E92AEBC40C005FCD6D /* ValidateKeyView.swift in Sources */ = {isa = PBXBuildFile; fileRef = 226E59E82AEBC40C005FCD6D /* ValidateKeyView.swift */; };
		226E59EE2AED0F82005FCD6D /* CodeEditor.swift in Sources */ = {isa = PBXBuildFile; fileRef = 226E59ED2AED0F82005FCD6D /* CodeEditor.swift */; };
		226E59F22AEE8700005FCD6D /* ButtonStyle.swift in Sources */ = {isa = PBXBuildFile; fileRef = 226E59F12AEE8700005FCD6D /* ButtonStyle.swift */; };
		227CB6D92AFE3B2800D2F594 /* SharedAppState.swift in Sources */ = {isa = PBXBuildFile; fileRef = 227CB6D82AFE3B2800D2F594 /* SharedAppState.swift */; };
		227CB6DD2B02169500D2F594 /* WindowController.swift in Sources */ = {isa = PBXBuildFile; fileRef = 227CB6DC2B02169500D2F594 /* WindowController.swift */; };
		227CB6E22B0226C400D2F594 /* KeyboardShortcuts in Frameworks */ = {isa = PBXBuildFile; productRef = 227CB6E12B0226C400D2F594 /* KeyboardShortcuts */; };
		227CB6E42B037ECD00D2F594 /* PasteboardHandler.swift in Sources */ = {isa = PBXBuildFile; fileRef = 227CB6E32B037ECD00D2F594 /* PasteboardHandler.swift */; };
		227CB6E82B0CAE6C00D2F594 /* LineNumberView.swift in Sources */ = {isa = PBXBuildFile; fileRef = 227CB6E72B0CAE6C00D2F594 /* LineNumberView.swift */; };
		227CB6EA2B0CCAD100D2F594 /* Constants.swift in Sources */ = {isa = PBXBuildFile; fileRef = 227CB6E92B0CCAD100D2F594 /* Constants.swift */; };
		227CB6EE2B0E1A4300D2F594 /* Metal.framework in Frameworks */ = {isa = PBXBuildFile; fileRef = 227CB6ED2B0E1A4300D2F594 /* Metal.framework */; };
		22A7D5F02ADFCA6500878F0B /* KamiApp.swift in Sources */ = {isa = PBXBuildFile; fileRef = 22A7D5EF2ADFCA6500878F0B /* KamiApp.swift */; };
		22A7D5F42ADFCA6500878F0B /* ContentView.swift in Sources */ = {isa = PBXBuildFile; fileRef = 22A7D5F32ADFCA6500878F0B /* ContentView.swift */; };
		22A7D5F62ADFCA6600878F0B /* Assets.xcassets in Resources */ = {isa = PBXBuildFile; fileRef = 22A7D5F52ADFCA6600878F0B /* Assets.xcassets */; };
		22A7D5F92ADFCA6600878F0B /* Preview Assets.xcassets in Resources */ = {isa = PBXBuildFile; fileRef = 22A7D5F82ADFCA6600878F0B /* Preview Assets.xcassets */; };
/* End PBXBuildFile section */

/* Begin PBXFileReference section */
		2251A1132B100AA100513552 /* LoadingView.swift */ = {isa = PBXFileReference; lastKnownFileType = sourcecode.swift; path = LoadingView.swift; sourceTree = "<group>"; };
		2251A1152B10834600513552 /* AccessibilityRequestView.swift */ = {isa = PBXFileReference; lastKnownFileType = sourcecode.swift; path = AccessibilityRequestView.swift; sourceTree = "<group>"; };
		2251A1172B109F7000513552 /* PatchErrorView.swift */ = {isa = PBXFileReference; lastKnownFileType = sourcecode.swift; path = PatchErrorView.swift; sourceTree = "<group>"; };
		2251A1192B10AD3300513552 /* NotificationBannerView.swift */ = {isa = PBXFileReference; fileEncoding = 4; lastKnownFileType = sourcecode.swift; name = NotificationBannerView.swift; path = ../../../../../.Trash/NotificationBannerView.swift; sourceTree = "<group>"; };
		226A6AA52AE685C100110798 /* API.swift */ = {isa = PBXFileReference; fileEncoding = 4; lastKnownFileType = sourcecode.swift; path = API.swift; sourceTree = "<group>"; };
		226A6AA72AE8F22500110798 /* Misc.swift */ = {isa = PBXFileReference; lastKnownFileType = sourcecode.swift; path = Misc.swift; sourceTree = "<group>"; };
		226A6AAB2AE927DB00110798 /* OpenWithMenuView.swift */ = {isa = PBXFileReference; lastKnownFileType = sourcecode.swift; path = OpenWithMenuView.swift; sourceTree = "<group>"; };
		226A6AAF2AEBA65100110798 /* TextEditor.swift */ = {isa = PBXFileReference; lastKnownFileType = sourcecode.swift; path = TextEditor.swift; sourceTree = "<group>"; };
		226CBCC72AE2752100FEB3E5 /* SettingsView.swift */ = {isa = PBXFileReference; lastKnownFileType = sourcecode.swift; path = SettingsView.swift; sourceTree = "<group>"; };
		226E59E82AEBC40C005FCD6D /* ValidateKeyView.swift */ = {isa = PBXFileReference; lastKnownFileType = sourcecode.swift; path = ValidateKeyView.swift; sourceTree = "<group>"; };
		226E59ED2AED0F82005FCD6D /* CodeEditor.swift */ = {isa = PBXFileReference; lastKnownFileType = sourcecode.swift; path = CodeEditor.swift; sourceTree = "<group>"; };
		226E59F12AEE8700005FCD6D /* ButtonStyle.swift */ = {isa = PBXFileReference; lastKnownFileType = sourcecode.swift; path = ButtonStyle.swift; sourceTree = "<group>"; };
		227CB6D82AFE3B2800D2F594 /* SharedAppState.swift */ = {isa = PBXFileReference; lastKnownFileType = sourcecode.swift; path = SharedAppState.swift; sourceTree = "<group>"; };
		227CB6DC2B02169500D2F594 /* WindowController.swift */ = {isa = PBXFileReference; lastKnownFileType = sourcecode.swift; path = WindowController.swift; sourceTree = "<group>"; };
		227CB6E32B037ECD00D2F594 /* PasteboardHandler.swift */ = {isa = PBXFileReference; lastKnownFileType = sourcecode.swift; path = PasteboardHandler.swift; sourceTree = "<group>"; };
		227CB6E72B0CAE6C00D2F594 /* LineNumberView.swift */ = {isa = PBXFileReference; lastKnownFileType = sourcecode.swift; path = LineNumberView.swift; sourceTree = "<group>"; };
		227CB6E92B0CCAD100D2F594 /* Constants.swift */ = {isa = PBXFileReference; lastKnownFileType = sourcecode.swift; path = Constants.swift; sourceTree = "<group>"; };
		227CB6ED2B0E1A4300D2F594 /* Metal.framework */ = {isa = PBXFileReference; lastKnownFileType = wrapper.framework; name = Metal.framework; path = System/Library/Frameworks/Metal.framework; sourceTree = SDKROOT; };
		22A7D5EC2ADFCA6500878F0B /* Kami.app */ = {isa = PBXFileReference; explicitFileType = wrapper.application; includeInIndex = 0; path = Kami.app; sourceTree = BUILT_PRODUCTS_DIR; };
		22A7D5EF2ADFCA6500878F0B /* KamiApp.swift */ = {isa = PBXFileReference; lastKnownFileType = sourcecode.swift; path = KamiApp.swift; sourceTree = "<group>"; };
		22A7D5F32ADFCA6500878F0B /* ContentView.swift */ = {isa = PBXFileReference; lastKnownFileType = sourcecode.swift; path = ContentView.swift; sourceTree = "<group>"; };
		22A7D5F52ADFCA6600878F0B /* Assets.xcassets */ = {isa = PBXFileReference; lastKnownFileType = folder.assetcatalog; path = Assets.xcassets; sourceTree = "<group>"; };
		22A7D5F82ADFCA6600878F0B /* Preview Assets.xcassets */ = {isa = PBXFileReference; lastKnownFileType = folder.assetcatalog; path = "Preview Assets.xcassets"; sourceTree = "<group>"; };
		22A7D5FA2ADFCA6600878F0B /* Info.plist */ = {isa = PBXFileReference; lastKnownFileType = text.plist.xml; path = Info.plist; sourceTree = "<group>"; };
		22A7D5FB2ADFCA6600878F0B /* Kami.entitlements */ = {isa = PBXFileReference; lastKnownFileType = text.plist.entitlements; path = Kami.entitlements; sourceTree = "<group>"; };
/* End PBXFileReference section */

/* Begin PBXFrameworksBuildPhase section */
		22A7D5E92ADFCA6500878F0B /* Frameworks */ = {
			isa = PBXFrameworksBuildPhase;
			buildActionMask = 2147483647;
			files = (
				226CBCC62AE2684400FEB3E5 /* OpenAI in Frameworks */,
				227CB6EE2B0E1A4300D2F594 /* Metal.framework in Frameworks */,
				227CB6E22B0226C400D2F594 /* KeyboardShortcuts in Frameworks */,
			);
			runOnlyForDeploymentPostprocessing = 0;
		};
/* End PBXFrameworksBuildPhase section */

/* Begin PBXGroup section */
		226CBCBE2AE12F8700FEB3E5 /* Frameworks */ = {
			isa = PBXGroup;
			children = (
				227CB6ED2B0E1A4300D2F594 /* Metal.framework */,
			);
			name = Frameworks;
			sourceTree = "<group>";
		};
		2276F24F2B0F458500E556C8 /* Styles */ = {
			isa = PBXGroup;
			children = (
				226E59F12AEE8700005FCD6D /* ButtonStyle.swift */,
			);
			path = Styles;
			sourceTree = "<group>";
		};
		227CB6EB2B0D19F600D2F594 /* Views */ = {
			isa = PBXGroup;
			children = (
				22A7D5F32ADFCA6500878F0B /* ContentView.swift */,
				226CBCC72AE2752100FEB3E5 /* SettingsView.swift */,
				2251A1132B100AA100513552 /* LoadingView.swift */,
				2251A1152B10834600513552 /* AccessibilityRequestView.swift */,
				2251A1172B109F7000513552 /* PatchErrorView.swift */,
			);
			path = Views;
			sourceTree = "<group>";
		};
		227CB6EC2B0D1A1500D2F594 /* Components */ = {
			isa = PBXGroup;
			children = (
				2251A1192B10AD3300513552 /* NotificationBannerView.swift */,
				226E59E82AEBC40C005FCD6D /* ValidateKeyView.swift */,
				226A6AAB2AE927DB00110798 /* OpenWithMenuView.swift */,
				226E59ED2AED0F82005FCD6D /* CodeEditor.swift */,
				227CB6E72B0CAE6C00D2F594 /* LineNumberView.swift */,
				226A6AAF2AEBA65100110798 /* TextEditor.swift */,
			);
			path = Components;
			sourceTree = "<group>";
		};
		22A7D5E32ADFCA6500878F0B = {
			isa = PBXGroup;
			children = (
				22A7D5EE2ADFCA6500878F0B /* Kami */,
				22A7D5ED2ADFCA6500878F0B /* Products */,
				226CBCBE2AE12F8700FEB3E5 /* Frameworks */,
			);
			sourceTree = "<group>";
		};
		22A7D5ED2ADFCA6500878F0B /* Products */ = {
			isa = PBXGroup;
			children = (
				22A7D5EC2ADFCA6500878F0B /* Kami.app */,
			);
			name = Products;
			sourceTree = "<group>";
		};
		22A7D5EE2ADFCA6500878F0B /* Kami */ = {
			isa = PBXGroup;
			children = (
				227CB6E92B0CCAD100D2F594 /* Constants.swift */,
				22A7D5EF2ADFCA6500878F0B /* KamiApp.swift */,
				227CB6EB2B0D19F600D2F594 /* Views */,
				227CB6EC2B0D1A1500D2F594 /* Components */,
				2276F24F2B0F458500E556C8 /* Styles */,
				227CB6D82AFE3B2800D2F594 /* SharedAppState.swift */,
				227CB6E32B037ECD00D2F594 /* PasteboardHandler.swift */,
				227CB6DC2B02169500D2F594 /* WindowController.swift */,
				226A6AA52AE685C100110798 /* API.swift */,
				226A6AA72AE8F22500110798 /* Misc.swift */,
				22A7D5F52ADFCA6600878F0B /* Assets.xcassets */,
				22A7D5FA2ADFCA6600878F0B /* Info.plist */,
				22A7D5FB2ADFCA6600878F0B /* Kami.entitlements */,
				22A7D5F72ADFCA6600878F0B /* Preview Content */,
			);
			path = Kami;
			sourceTree = "<group>";
		};
		22A7D5F72ADFCA6600878F0B /* Preview Content */ = {
			isa = PBXGroup;
			children = (
				22A7D5F82ADFCA6600878F0B /* Preview Assets.xcassets */,
			);
			path = "Preview Content";
			sourceTree = "<group>";
		};
/* End PBXGroup section */

/* Begin PBXNativeTarget section */
		22A7D5EB2ADFCA6500878F0B /* Kami */ = {
			isa = PBXNativeTarget;
			buildConfigurationList = 22A7D5FE2ADFCA6600878F0B /* Build configuration list for PBXNativeTarget "Kami" */;
			buildPhases = (
				22A7D5E82ADFCA6500878F0B /* Sources */,
				22A7D5E92ADFCA6500878F0B /* Frameworks */,
				22A7D5EA2ADFCA6500878F0B /* Resources */,
			);
			buildRules = (
			);
			dependencies = (
			);
			name = Kami;
			packageProductDependencies = (
				226CBCC52AE2684400FEB3E5 /* OpenAI */,
				227CB6E12B0226C400D2F594 /* KeyboardShortcuts */,
			);
			productName = JavascriptEditor;
			productReference = 22A7D5EC2ADFCA6500878F0B /* Kami.app */;
			productType = "com.apple.product-type.application";
		};
/* End PBXNativeTarget section */

/* Begin PBXProject section */
		22A7D5E42ADFCA6500878F0B /* Project object */ = {
			isa = PBXProject;
			attributes = {
				BuildIndependentTargetsInParallel = 1;
				LastSwiftUpdateCheck = 1500;
				LastUpgradeCheck = 1500;
				TargetAttributes = {
					22A7D5EB2ADFCA6500878F0B = {
						CreatedOnToolsVersion = 15.0;
					};
				};
			};
			buildConfigurationList = 22A7D5E72ADFCA6500878F0B /* Build configuration list for PBXProject "Kami" */;
			compatibilityVersion = "Xcode 14.0";
			developmentRegion = en;
			hasScannedForEncodings = 0;
			knownRegions = (
				en,
				Base,
			);
			mainGroup = 22A7D5E32ADFCA6500878F0B;
			packageReferences = (
				226CBCC42AE2684400FEB3E5 /* XCRemoteSwiftPackageReference "OpenAI" */,
				227CB6E02B0226C400D2F594 /* XCRemoteSwiftPackageReference "KeyboardShortcuts" */,
			);
			productRefGroup = 22A7D5ED2ADFCA6500878F0B /* Products */;
			projectDirPath = "";
			projectRoot = "";
			targets = (
				22A7D5EB2ADFCA6500878F0B /* Kami */,
			);
		};
/* End PBXProject section */

/* Begin PBXResourcesBuildPhase section */
		22A7D5EA2ADFCA6500878F0B /* Resources */ = {
			isa = PBXResourcesBuildPhase;
			buildActionMask = 2147483647;
			files = (
				22A7D5F92ADFCA6600878F0B /* Preview Assets.xcassets in Resources */,
				22A7D5F62ADFCA6600878F0B /* Assets.xcassets in Resources */,
			);
			runOnlyForDeploymentPostprocessing = 0;
		};
/* End PBXResourcesBuildPhase section */

/* Begin PBXSourcesBuildPhase section */
		22A7D5E82ADFCA6500878F0B /* Sources */ = {
			isa = PBXSourcesBuildPhase;
			buildActionMask = 2147483647;
			files = (
				227CB6DD2B02169500D2F594 /* WindowController.swift in Sources */,
				227CB6E82B0CAE6C00D2F594 /* LineNumberView.swift in Sources */,
				226A6AAC2AE927DB00110798 /* OpenWithMenuView.swift in Sources */,
				226E59F22AEE8700005FCD6D /* ButtonStyle.swift in Sources */,
				2251A1142B100AA100513552 /* LoadingView.swift in Sources */,
				2251A11A2B10AD3300513552 /* NotificationBannerView.swift in Sources */,
				227CB6E42B037ECD00D2F594 /* PasteboardHandler.swift in Sources */,
				22A7D5F02ADFCA6500878F0B /* KamiApp.swift in Sources */,
				227CB6EA2B0CCAD100D2F594 /* Constants.swift in Sources */,
				226A6AB02AEBA65100110798 /* TextEditor.swift in Sources */,
				226E59EE2AED0F82005FCD6D /* CodeEditor.swift in Sources */,
				226CBCC82AE2752100FEB3E5 /* SettingsView.swift in Sources */,
				227CB6D92AFE3B2800D2F594 /* SharedAppState.swift in Sources */,
				226A6AA82AE8F22500110798 /* Misc.swift in Sources */,
				22A7D5F42ADFCA6500878F0B /* ContentView.swift in Sources */,
				226E59E92AEBC40C005FCD6D /* ValidateKeyView.swift in Sources */,
				2251A1182B109F7000513552 /* PatchErrorView.swift in Sources */,
				226A6AA62AE685C100110798 /* API.swift in Sources */,
				2251A1162B10834600513552 /* AccessibilityRequestView.swift in Sources */,
			);
			runOnlyForDeploymentPostprocessing = 0;
		};
/* End PBXSourcesBuildPhase section */

/* Begin XCBuildConfiguration section */
		22A7D5FC2ADFCA6600878F0B /* Debug */ = {
			isa = XCBuildConfiguration;
			buildSettings = {
				ALWAYS_SEARCH_USER_PATHS = NO;
				ASSETCATALOG_COMPILER_GENERATE_SWIFT_ASSET_SYMBOL_EXTENSIONS = YES;
				CLANG_ANALYZER_NONNULL = YES;
				CLANG_ANALYZER_NUMBER_OBJECT_CONVERSION = YES_AGGRESSIVE;
				CLANG_CXX_LANGUAGE_STANDARD = "gnu++20";
				CLANG_ENABLE_MODULES = YES;
				CLANG_ENABLE_OBJC_ARC = YES;
				CLANG_ENABLE_OBJC_WEAK = YES;
				CLANG_WARN_BLOCK_CAPTURE_AUTORELEASING = YES;
				CLANG_WARN_BOOL_CONVERSION = YES;
				CLANG_WARN_COMMA = YES;
				CLANG_WARN_CONSTANT_CONVERSION = YES;
				CLANG_WARN_DEPRECATED_OBJC_IMPLEMENTATIONS = YES;
				CLANG_WARN_DIRECT_OBJC_ISA_USAGE = YES_ERROR;
				CLANG_WARN_DOCUMENTATION_COMMENTS = YES;
				CLANG_WARN_EMPTY_BODY = YES;
				CLANG_WARN_ENUM_CONVERSION = YES;
				CLANG_WARN_INFINITE_RECURSION = YES;
				CLANG_WARN_INT_CONVERSION = YES;
				CLANG_WARN_NON_LITERAL_NULL_CONVERSION = YES;
				CLANG_WARN_OBJC_IMPLICIT_RETAIN_SELF = YES;
				CLANG_WARN_OBJC_LITERAL_CONVERSION = YES;
				CLANG_WARN_OBJC_ROOT_CLASS = YES_ERROR;
				CLANG_WARN_QUOTED_INCLUDE_IN_FRAMEWORK_HEADER = YES;
				CLANG_WARN_RANGE_LOOP_ANALYSIS = YES;
				CLANG_WARN_STRICT_PROTOTYPES = YES;
				CLANG_WARN_SUSPICIOUS_MOVE = YES;
				CLANG_WARN_UNGUARDED_AVAILABILITY = YES_AGGRESSIVE;
				CLANG_WARN_UNREACHABLE_CODE = YES;
				CLANG_WARN__DUPLICATE_METHOD_MATCH = YES;
				COPY_PHASE_STRIP = NO;
				DEBUG_INFORMATION_FORMAT = dwarf;
				ENABLE_STRICT_OBJC_MSGSEND = YES;
				ENABLE_TESTABILITY = YES;
				ENABLE_USER_SCRIPT_SANDBOXING = YES;
				GCC_C_LANGUAGE_STANDARD = gnu17;
				GCC_DYNAMIC_NO_PIC = NO;
				GCC_NO_COMMON_BLOCKS = YES;
				GCC_OPTIMIZATION_LEVEL = 0;
				GCC_PREPROCESSOR_DEFINITIONS = (
					"DEBUG=1",
					"$(inherited)",
				);
				GCC_WARN_64_TO_32_BIT_CONVERSION = YES;
				GCC_WARN_ABOUT_RETURN_TYPE = YES_ERROR;
				GCC_WARN_UNDECLARED_SELECTOR = YES;
				GCC_WARN_UNINITIALIZED_AUTOS = YES_AGGRESSIVE;
				GCC_WARN_UNUSED_FUNCTION = YES;
				GCC_WARN_UNUSED_VARIABLE = YES;
				LOCALIZATION_PREFERS_STRING_CATALOGS = YES;
				MACOSX_DEPLOYMENT_TARGET = 14.0;
				MTL_ENABLE_DEBUG_INFO = INCLUDE_SOURCE;
				MTL_FAST_MATH = YES;
				ONLY_ACTIVE_ARCH = YES;
				SDKROOT = macosx;
				SWIFT_ACTIVE_COMPILATION_CONDITIONS = "DEBUG $(inherited)";
				SWIFT_OPTIMIZATION_LEVEL = "-Onone";
			};
			name = Debug;
		};
		22A7D5FD2ADFCA6600878F0B /* Release */ = {
			isa = XCBuildConfiguration;
			buildSettings = {
				ALWAYS_SEARCH_USER_PATHS = NO;
				ASSETCATALOG_COMPILER_GENERATE_SWIFT_ASSET_SYMBOL_EXTENSIONS = YES;
				CLANG_ANALYZER_NONNULL = YES;
				CLANG_ANALYZER_NUMBER_OBJECT_CONVERSION = YES_AGGRESSIVE;
				CLANG_CXX_LANGUAGE_STANDARD = "gnu++20";
				CLANG_ENABLE_MODULES = YES;
				CLANG_ENABLE_OBJC_ARC = YES;
				CLANG_ENABLE_OBJC_WEAK = YES;
				CLANG_WARN_BLOCK_CAPTURE_AUTORELEASING = YES;
				CLANG_WARN_BOOL_CONVERSION = YES;
				CLANG_WARN_COMMA = YES;
				CLANG_WARN_CONSTANT_CONVERSION = YES;
				CLANG_WARN_DEPRECATED_OBJC_IMPLEMENTATIONS = YES;
				CLANG_WARN_DIRECT_OBJC_ISA_USAGE = YES_ERROR;
				CLANG_WARN_DOCUMENTATION_COMMENTS = YES;
				CLANG_WARN_EMPTY_BODY = YES;
				CLANG_WARN_ENUM_CONVERSION = YES;
				CLANG_WARN_INFINITE_RECURSION = YES;
				CLANG_WARN_INT_CONVERSION = YES;
				CLANG_WARN_NON_LITERAL_NULL_CONVERSION = YES;
				CLANG_WARN_OBJC_IMPLICIT_RETAIN_SELF = YES;
				CLANG_WARN_OBJC_LITERAL_CONVERSION = YES;
				CLANG_WARN_OBJC_ROOT_CLASS = YES_ERROR;
				CLANG_WARN_QUOTED_INCLUDE_IN_FRAMEWORK_HEADER = YES;
				CLANG_WARN_RANGE_LOOP_ANALYSIS = YES;
				CLANG_WARN_STRICT_PROTOTYPES = YES;
				CLANG_WARN_SUSPICIOUS_MOVE = YES;
				CLANG_WARN_UNGUARDED_AVAILABILITY = YES_AGGRESSIVE;
				CLANG_WARN_UNREACHABLE_CODE = YES;
				CLANG_WARN__DUPLICATE_METHOD_MATCH = YES;
				COPY_PHASE_STRIP = NO;
				DEBUG_INFORMATION_FORMAT = "dwarf-with-dsym";
				ENABLE_NS_ASSERTIONS = NO;
				ENABLE_STRICT_OBJC_MSGSEND = YES;
				ENABLE_USER_SCRIPT_SANDBOXING = YES;
				GCC_C_LANGUAGE_STANDARD = gnu17;
				GCC_NO_COMMON_BLOCKS = YES;
				GCC_WARN_64_TO_32_BIT_CONVERSION = YES;
				GCC_WARN_ABOUT_RETURN_TYPE = YES_ERROR;
				GCC_WARN_UNDECLARED_SELECTOR = YES;
				GCC_WARN_UNINITIALIZED_AUTOS = YES_AGGRESSIVE;
				GCC_WARN_UNUSED_FUNCTION = YES;
				GCC_WARN_UNUSED_VARIABLE = YES;
				LOCALIZATION_PREFERS_STRING_CATALOGS = YES;
				MACOSX_DEPLOYMENT_TARGET = 14.0;
				MTL_ENABLE_DEBUG_INFO = NO;
				MTL_FAST_MATH = YES;
				SDKROOT = macosx;
				SWIFT_COMPILATION_MODE = wholemodule;
			};
			name = Release;
		};
		22A7D5FF2ADFCA6600878F0B /* Debug */ = {
			isa = XCBuildConfiguration;
			buildSettings = {
				ASSETCATALOG_COMPILER_APPICON_NAME = AppIcon;
				ASSETCATALOG_COMPILER_GLOBAL_ACCENT_COLOR_NAME = AccentColor;
				CODE_SIGN_ENTITLEMENTS = Kami/Kami.entitlements;
				"CODE_SIGN_IDENTITY[sdk=macosx*]" = "Apple Development";
				CODE_SIGN_STYLE = Automatic;
				COMBINE_HIDPI_IMAGES = YES;
				CURRENT_PROJECT_VERSION = 1;
				DEVELOPMENT_ASSET_PATHS = "\"Kami/Preview Content\"";
				DEVELOPMENT_TEAM = 34UPX6P7YC;
				ENABLE_HARDENED_RUNTIME = YES;
				ENABLE_PREVIEWS = YES;
				GENERATE_INFOPLIST_FILE = YES;
				INFOPLIST_FILE = Kami/Info.plist;
				INFOPLIST_KEY_CFBundleDisplayName = Kami;
				INFOPLIST_KEY_LSApplicationCategoryType = "public.app-category.developer-tools";
				INFOPLIST_KEY_LSUIElement = YES;
				INFOPLIST_KEY_NSHumanReadableCopyright = "Alex Widua (2023)";
				LD_RUNPATH_SEARCH_PATHS = (
					"$(inherited)",
					"@executable_path/../Frameworks",
				);
				MACOSX_DEPLOYMENT_TARGET = 14.0;
				MARKETING_VERSION = 1.0;
				PRODUCT_BUNDLE_IDENTIFIER = com.alexwidua.Kami;
				PRODUCT_NAME = "$(TARGET_NAME)";
				SWIFT_EMIT_LOC_STRINGS = YES;
				SWIFT_VERSION = 5.0;
			};
			name = Debug;
		};
		22A7D6002ADFCA6600878F0B /* Release */ = {
			isa = XCBuildConfiguration;
			buildSettings = {
				ASSETCATALOG_COMPILER_APPICON_NAME = AppIcon;
				ASSETCATALOG_COMPILER_GLOBAL_ACCENT_COLOR_NAME = AccentColor;
				CODE_SIGN_ENTITLEMENTS = Kami/Kami.entitlements;
				"CODE_SIGN_IDENTITY[sdk=macosx*]" = "Apple Development";
				CODE_SIGN_STYLE = Automatic;
				COMBINE_HIDPI_IMAGES = YES;
				CURRENT_PROJECT_VERSION = 1;
				DEVELOPMENT_ASSET_PATHS = "\"Kami/Preview Content\"";
				DEVELOPMENT_TEAM = 34UPX6P7YC;
				ENABLE_HARDENED_RUNTIME = YES;
				ENABLE_PREVIEWS = YES;
				GENERATE_INFOPLIST_FILE = YES;
				INFOPLIST_FILE = Kami/Info.plist;
				INFOPLIST_KEY_CFBundleDisplayName = Kami;
				INFOPLIST_KEY_LSApplicationCategoryType = "public.app-category.developer-tools";
				INFOPLIST_KEY_LSUIElement = YES;
				INFOPLIST_KEY_NSHumanReadableCopyright = "Alex Widua (2023)";
				LD_RUNPATH_SEARCH_PATHS = (
					"$(inherited)",
					"@executable_path/../Frameworks",
				);
				MACOSX_DEPLOYMENT_TARGET = 14.0;
				MARKETING_VERSION = 1.0;
				PRODUCT_BUNDLE_IDENTIFIER = com.alexwidua.Kami;
				PRODUCT_NAME = "$(TARGET_NAME)";
				SWIFT_EMIT_LOC_STRINGS = YES;
				SWIFT_VERSION = 5.0;
			};
			name = Release;
		};
/* End XCBuildConfiguration section */

/* Begin XCConfigurationList section */
		22A7D5E72ADFCA6500878F0B /* Build configuration list for PBXProject "Kami" */ = {
			isa = XCConfigurationList;
			buildConfigurations = (
				22A7D5FC2ADFCA6600878F0B /* Debug */,
				22A7D5FD2ADFCA6600878F0B /* Release */,
			);
			defaultConfigurationIsVisible = 0;
			defaultConfigurationName = Release;
		};
		22A7D5FE2ADFCA6600878F0B /* Build configuration list for PBXNativeTarget "Kami" */ = {
			isa = XCConfigurationList;
			buildConfigurations = (
				22A7D5FF2ADFCA6600878F0B /* Debug */,
				22A7D6002ADFCA6600878F0B /* Release */,
			);
			defaultConfigurationIsVisible = 0;
			defaultConfigurationName = Release;
		};
/* End XCConfigurationList section */

/* Begin XCRemoteSwiftPackageReference section */
		226CBCC42AE2684400FEB3E5 /* XCRemoteSwiftPackageReference "OpenAI" */ = {
			isa = XCRemoteSwiftPackageReference;
			repositoryURL = "https://github.com/MacPaw/OpenAI.git";
			requirement = {
				kind = upToNextMajorVersion;
				minimumVersion = 0.2.4;
			};
		};
		227CB6E02B0226C400D2F594 /* XCRemoteSwiftPackageReference "KeyboardShortcuts" */ = {
			isa = XCRemoteSwiftPackageReference;
			repositoryURL = "https://github.com/sindresorhus/KeyboardShortcuts";
			requirement = {
				kind = upToNextMajorVersion;
				minimumVersion = 1.15.0;
			};
		};
/* End XCRemoteSwiftPackageReference section */

/* Begin XCSwiftPackageProductDependency section */
		226CBCC52AE2684400FEB3E5 /* OpenAI */ = {
			isa = XCSwiftPackageProductDependency;
			package = 226CBCC42AE2684400FEB3E5 /* XCRemoteSwiftPackageReference "OpenAI" */;
			productName = OpenAI;
		};
		227CB6E12B0226C400D2F594 /* KeyboardShortcuts */ = {
			isa = XCSwiftPackageProductDependency;
			package = 227CB6E02B0226C400D2F594 /* XCRemoteSwiftPackageReference "KeyboardShortcuts" */;
			productName = KeyboardShortcuts;
		};
/* End XCSwiftPackageProductDependency section */
	};
	rootObject = 22A7D5E42ADFCA6500878F0B /* Project object */;
}
