{
  "pins" : [
    {
      "identity" : "keyboardshortcuts",
      "kind" : "remoteSourceControl",
      "location" : "https://github.com/sindresorhus/KeyboardShortcuts",
      "state" : {
        "revision" : "ac302e21da5883f4bd0490cbd0cb710b08740500",
        "version" : "1.15.0"
      }
    },
    {
      "identity" : "sparkle",
      "kind" : "remoteSourceControl",
      "location" : "https://github.com/sparkle-project/Sparkle",
      "state" : {
        "revision" : "47d3d90aee3c52b6f61d04ceae426e607df62347",
        "version" : "2.5.2"
      }
    }
  ],
  "version" : 2
}
